
Microsoft Visual Studio Solution File, Format Version 12.00
# Visual Studio Version 17
VisualStudioVersion = 17.10.34916.146
MinimumVisualStudioVersion = 10.0.40219.1
Project("{9A19103F-16F7-4668-BE54-9A1E7A4F7556}") = "E-comm-book", "E-comm-book\E-comm-book.csproj", "{FCCD2C42-CA26-467B-8F06-C3B968A5D806}"
EndProject
Project("{9A19103F-16F7-4668-BE54-9A1E7A4F7556}") = "E-com-Razor", "E-com-Razor\E-com-Razor.csproj", "{61B11516-F94C-4273-9325-8A644DBA510B}"
EndProject
Project("{FAE04EC0-301F-11D3-BF4B-00C04F79EFBC}") = "Book.DataAccess", "Book.DataAccess\Book.DataAccess.csproj", "{1ED055FC-C36B-4B8E-887E-DBAB470D3C26}"
EndProject
Project("{FAE04EC0-301F-11D3-BF4B-00C04F79EFBC}") = "Book.Models", "Book.Models\Book.Models.csproj", "{CF0B28D4-4CE5-4AD6-B7F1-4211B9AE18DA}"
EndProject
Project("{FAE04EC0-301F-11D3-BF4B-00C04F79EFBC}") = "Book.Utility", "Book.Utility\Book.Utility.csproj", "{81E7AFA7-9641-4191-938C-02EF1FD2ABE7}"
EndProject
Global
	GlobalSection(SolutionConfigurationPlatforms) = preSolution
		Debug|Any CPU = Debug|Any CPU
		Release|Any CPU = Release|Any CPU
	EndGlobalSection
	GlobalSection(ProjectConfigurationPlatforms) = postSolution
		{FCCD2C42-CA26-467B-8F06-C3B968A5D806}.Debug|Any CPU.ActiveCfg = Debug|Any CPU
		{FCCD2C42-CA26-467B-8F06-C3B968A5D806}.Debug|Any CPU.Build.0 = Debug|Any CPU
		{FCCD2C42-CA26-467B-8F06-C3B968A5D806}.Release|Any CPU.ActiveCfg = Release|Any CPU
		{FCCD2C42-CA26-467B-8F06-C3B968A5D806}.Release|Any CPU.Build.0 = Release|Any CPU
		{61B11516-F94C-4273-9325-8A644DBA510B}.Debug|Any CPU.ActiveCfg = Debug|Any CPU
		{61B11516-F94C-4273-9325-8A644DBA510B}.Debug|Any CPU.Build.0 = Debug|Any CPU
		{61B11516-F94C-4273-9325-8A644DBA510B}.Release|Any CPU.ActiveCfg = Release|Any CPU
		{61B11516-F94C-4273-9325-8A644DBA510B}.Release|Any CPU.Build.0 = Release|Any CPU
		{1ED055FC-C36B-4B8E-887E-DBAB470D3C26}.Debug|Any CPU.ActiveCfg = Debug|Any CPU
		{1ED055FC-C36B-4B8E-887E-DBAB470D3C26}.Debug|Any CPU.Build.0 = Debug|Any CPU
		{1ED055FC-C36B-4B8E-887E-DBAB470D3C26}.Release|Any CPU.ActiveCfg = Release|Any CPU
		{1ED055FC-C36B-4B8E-887E-DBAB470D3C26}.Release|Any CPU.Build.0 = Release|Any CPU
		{CF0B28D4-4CE5-4AD6-B7F1-4211B9AE18DA}.Debug|Any CPU.ActiveCfg = Debug|Any CPU
		{CF0B28D4-4CE5-4AD6-B7F1-4211B9AE18DA}.Debug|Any CPU.Build.0 = Debug|Any CPU
		{CF0B28D4-4CE5-4AD6-B7F1-4211B9AE18DA}.Release|Any CPU.ActiveCfg = Release|Any CPU
		{CF0B28D4-4CE5-4AD6-B7F1-4211B9AE18DA}.Release|Any CPU.Build.0 = Release|Any CPU
		{81E7AFA7-9641-4191-938C-02EF1FD2ABE7}.Debug|Any CPU.ActiveCfg = Debug|Any CPU
		{81E7AFA7-9641-4191-938C-02EF1FD2ABE7}.Debug|Any CPU.Build.0 = Debug|Any CPU
		{81E7AFA7-9641-4191-938C-02EF1FD2ABE7}.Release|Any CPU.ActiveCfg = Release|Any CPU
		{81E7AFA7-9641-4191-938C-02EF1FD2ABE7}.Release|Any CPU.Build.0 = Release|Any CPU
	EndGlobalSection
	GlobalSection(SolutionProperties) = preSolution
		HideSolutionNode = FALSE
	EndGlobalSection
	GlobalSection(ExtensibilityGlobals) = postSolution
		SolutionGuid = {16E3B129-103B-4EC8-AC96-246AE57B4F1C}
	EndGlobalSection
EndGlobal
